
Microsoft Visual Studio Solution File, Format Version 12.00
# Visual Studio 14
VisualStudioVersion = 14.0.25420.1
MinimumVisualStudioVersion = 10.0.40219.1
Project("{FAE04EC0-301F-11D3-BF4B-00C04F79EFBC}") = "SimpleAlarmBot", "SimpleAlarmBot\SimpleAlarmBot.csproj", "{A8BA1066-5695-4D71-ABB4-65E5A5E0C3D4}"
EndProject
Project("{2150E333-8FDC-42A3-9474-1A3956D46DE8}") = "Solution Items", "Solution Items", "{78090FC1-7822-48C8-8189-B606B5491471}"
EndProject
Project("{2150E333-8FDC-42A3-9474-1A3956D46DE8}") = "PowerBIReports", "PowerBIReports", "{705B2612-0601-40BB-95ED-669FE79759DB}"
	ProjectSection(SolutionItems) = preProject
		Solution Items\PowerBIReports\SampleTelemtryReport.pbix = Solution Items\PowerBIReports\SampleTelemtryReport.pbix
	EndProjectSection
EndProject
Project("{2150E333-8FDC-42A3-9474-1A3956D46DE8}") = "LuisApps", "LuisApps", "{940CAD4F-DD7C-41A5-8E0C-DE9B4775A8E1}"
	ProjectSection(SolutionItems) = preProject
		Solution Items\LuisApps\SimpleAlarm.json = Solution Items\LuisApps\SimpleAlarm.json
	EndProjectSection
EndProject
Project("{2150E333-8FDC-42A3-9474-1A3956D46DE8}") = "Docs", "Docs", "{8CDB5B2E-B51E-4B90-8F89-82A268CB884E}"
	ProjectSection(SolutionItems) = preProject
		Readme.md = Readme.md
	EndProjectSection
EndProject
Global
	GlobalSection(SolutionConfigurationPlatforms) = preSolution
		Debug|Any CPU = Debug|Any CPU
		Release|Any CPU = Release|Any CPU
	EndGlobalSection
	GlobalSection(ProjectConfigurationPlatforms) = postSolution
		{A8BA1066-5695-4D71-ABB4-65E5A5E0C3D4}.Debug|Any CPU.ActiveCfg = Debug|Any CPU
		{A8BA1066-5695-4D71-ABB4-65E5A5E0C3D4}.Debug|Any CPU.Build.0 = Debug|Any CPU
		{A8BA1066-5695-4D71-ABB4-65E5A5E0C3D4}.Release|Any CPU.ActiveCfg = Release|Any CPU
		{A8BA1066-5695-4D71-ABB4-65E5A5E0C3D4}.Release|Any CPU.Build.0 = Release|Any CPU
	EndGlobalSection
	GlobalSection(SolutionProperties) = preSolution
		HideSolutionNode = FALSE
	EndGlobalSection
	GlobalSection(NestedProjects) = preSolution
		{705B2612-0601-40BB-95ED-669FE79759DB} = {78090FC1-7822-48C8-8189-B606B5491471}
		{940CAD4F-DD7C-41A5-8E0C-DE9B4775A8E1} = {78090FC1-7822-48C8-8189-B606B5491471}
		{8CDB5B2E-B51E-4B90-8F89-82A268CB884E} = {78090FC1-7822-48C8-8189-B606B5491471}
	EndGlobalSection
EndGlobal
